// !$*UTF8*$!
{
	archiveVersion = 1;
	classes = {
	};
	objectVersion = 56;
	objects = {

/* Begin PBXBuildFile section */
		15308F6F2BBA023D00A35ED8 /* ProfileViewController.swift in Sources */ = {isa = PBXBuildFile; fileRef = 15308F6E2BBA023D00A35ED8 /* ProfileViewController.swift */; };
		15308F712BBA024900A35ED8 /* ViewController.swift in Sources */ = {isa = PBXBuildFile; fileRef = 15308F702BBA024900A35ED8 /* ViewController.swift */; };
		15308F732BBA025500A35ED8 /* GoogleService-Info.plist in Resources */ = {isa = PBXBuildFile; fileRef = 15308F722BBA025500A35ED8 /* GoogleService-Info.plist */; };
		1590744B2BAE29CA00F5E81E /* AppDelegate.swift in Sources */ = {isa = PBXBuildFile; fileRef = 1590744A2BAE29CA00F5E81E /* AppDelegate.swift */; };
		1590744D2BAE29CA00F5E81E /* SceneDelegate.swift in Sources */ = {isa = PBXBuildFile; fileRef = 1590744C2BAE29CA00F5E81E /* SceneDelegate.swift */; };
		159074522BAE29CA00F5E81E /* Base in Resources */ = {isa = PBXBuildFile; fileRef = 159074512BAE29CA00F5E81E /* Base */; };
		159074542BAE29CB00F5E81E /* Assets.xcassets in Resources */ = {isa = PBXBuildFile; fileRef = 159074532BAE29CB00F5E81E /* Assets.xcassets */; };
		159074572BAE29CB00F5E81E /* Base in Resources */ = {isa = PBXBuildFile; fileRef = 159074562BAE29CB00F5E81E /* Base */; };
		159074622BAE29CB00F5E81E /* iOS_Team7Tests.swift in Sources */ = {isa = PBXBuildFile; fileRef = 159074612BAE29CB00F5E81E /* iOS_Team7Tests.swift */; };
		1590746C2BAE29CB00F5E81E /* iOS_Team7UITests.swift in Sources */ = {isa = PBXBuildFile; fileRef = 1590746B2BAE29CB00F5E81E /* iOS_Team7UITests.swift */; };
		1590746E2BAE29CB00F5E81E /* iOS_Team7UITestsLaunchTests.swift in Sources */ = {isa = PBXBuildFile; fileRef = 1590746D2BAE29CB00F5E81E /* iOS_Team7UITestsLaunchTests.swift */; };
		28F76578A64B1D089C018010 /* Pods_iOS_Team7.framework in Frameworks */ = {isa = PBXBuildFile; fileRef = A1C3A31BD4C19F40C34BD3C1 /* Pods_iOS_Team7.framework */; };
		4499068C2BB22B6500258327 /* LoginView.swift in Sources */ = {isa = PBXBuildFile; fileRef = 4499068B2BB22B6500258327 /* LoginView.swift */; };
		449906902BB22BBF00258327 /* RegisterView.swift in Sources */ = {isa = PBXBuildFile; fileRef = 4499068F2BB22BBF00258327 /* RegisterView.swift */; };
		449906922BB22BC400258327 /* RegisterViewController.swift in Sources */ = {isa = PBXBuildFile; fileRef = 449906912BB22BC400258327 /* RegisterViewController.swift */; };
		449906952BB22C3400258327 /* ProfileView.swift in Sources */ = {isa = PBXBuildFile; fileRef = 449906942BB22C3400258327 /* ProfileView.swift */; };
		449906A42BB22E4200258327 /* ContactInfo.swift in Sources */ = {isa = PBXBuildFile; fileRef = 449906A12BB22E4200258327 /* ContactInfo.swift */; };
		449906A52BB22E4200258327 /* User.swift in Sources */ = {isa = PBXBuildFile; fileRef = 449906A22BB22E4200258327 /* User.swift */; };
		449906AA2BB22E5100258327 /* tokenManager.swift in Sources */ = {isa = PBXBuildFile; fileRef = 449906A72BB22E5100258327 /* tokenManager.swift */; };
		449906AB2BB22E5100258327 /* AuthAPIController.swift in Sources */ = {isa = PBXBuildFile; fileRef = 449906A82BB22E5100258327 /* AuthAPIController.swift */; };
		449906AC2BB22E5100258327 /* NotesApiController.swift in Sources */ = {isa = PBXBuildFile; fileRef = 449906A92BB22E5100258327 /* NotesApiController.swift */; };
		449906F12BB2751500258327 /* Chat.swift in Sources */ = {isa = PBXBuildFile; fileRef = 449906F02BB2751500258327 /* Chat.swift */; };
		449906F32BB2756B00258327 /* Model.swift in Sources */ = {isa = PBXBuildFile; fileRef = 449906F22BB2756B00258327 /* Model.swift */; };
		449906F52BB275F800258327 /* ChatMessage.swift in Sources */ = {isa = PBXBuildFile; fileRef = 449906F42BB275F800258327 /* ChatMessage.swift */; };
		449906F72BB3442E00258327 /* ChatPanel.swift in Sources */ = {isa = PBXBuildFile; fileRef = 449906F62BB3442E00258327 /* ChatPanel.swift */; };
		449906FF2BB34A8700258327 /* ChatsViewController.swift in Sources */ = {isa = PBXBuildFile; fileRef = 449906FE2BB34A8700258327 /* ChatsViewController.swift */; };
		449907012BB34AA400258327 /* ChatsView.swift in Sources */ = {isa = PBXBuildFile; fileRef = 449907002BB34AA400258327 /* ChatsView.swift */; };
		449907032BB34B0D00258327 /* ChatsTableViewCell.swift in Sources */ = {isa = PBXBuildFile; fileRef = 449907022BB34B0D00258327 /* ChatsTableViewCell.swift */; };
		7F49B3B6B3DFF36A2A9A65E5 /* Pods_iOS_Team7_iOS_Team7UITests.framework in Frameworks */ = {isa = PBXBuildFile; fileRef = 0A97AC5C5B793D4E4334DA1B /* Pods_iOS_Team7_iOS_Team7UITests.framework */; };
		A5C4934F3A233F6B6BF4C881 /* Pods_iOS_Team7Tests.framework in Frameworks */ = {isa = PBXBuildFile; fileRef = 69747358AC3179CBAF1CB368 /* Pods_iOS_Team7Tests.framework */; };
/* End PBXBuildFile section */

/* Begin PBXContainerItemProxy section */
		1590745E2BAE29CB00F5E81E /* PBXContainerItemProxy */ = {
			isa = PBXContainerItemProxy;
			containerPortal = 1590743F2BAE29CA00F5E81E /* Project object */;
			proxyType = 1;
			remoteGlobalIDString = 159074462BAE29CA00F5E81E;
			remoteInfo = iOS_Team7;
		};
		159074682BAE29CB00F5E81E /* PBXContainerItemProxy */ = {
			isa = PBXContainerItemProxy;
			containerPortal = 1590743F2BAE29CA00F5E81E /* Project object */;
			proxyType = 1;
			remoteGlobalIDString = 159074462BAE29CA00F5E81E;
			remoteInfo = iOS_Team7;
		};
/* End PBXContainerItemProxy section */

/* Begin PBXFileReference section */
		058FE16CDC6878454A1470EE /* Pods-iOS_Team7.debug.xcconfig */ = {isa = PBXFileReference; includeInIndex = 1; lastKnownFileType = text.xcconfig; name = "Pods-iOS_Team7.debug.xcconfig"; path = "Target Support Files/Pods-iOS_Team7/Pods-iOS_Team7.debug.xcconfig"; sourceTree = "<group>"; };
		0A97AC5C5B793D4E4334DA1B /* Pods_iOS_Team7_iOS_Team7UITests.framework */ = {isa = PBXFileReference; explicitFileType = wrapper.framework; includeInIndex = 0; path = Pods_iOS_Team7_iOS_Team7UITests.framework; sourceTree = BUILT_PRODUCTS_DIR; };
		15308F6E2BBA023D00A35ED8 /* ProfileViewController.swift */ = {isa = PBXFileReference; fileEncoding = 4; lastKnownFileType = sourcecode.swift; path = ProfileViewController.swift; sourceTree = "<group>"; };
		15308F702BBA024900A35ED8 /* ViewController.swift */ = {isa = PBXFileReference; fileEncoding = 4; lastKnownFileType = sourcecode.swift; path = ViewController.swift; sourceTree = "<group>"; };
		15308F722BBA025500A35ED8 /* GoogleService-Info.plist */ = {isa = PBXFileReference; fileEncoding = 4; lastKnownFileType = text.plist.xml; path = "GoogleService-Info.plist"; sourceTree = "<group>"; };
		159074472BAE29CA00F5E81E /* iOS_Team7.app */ = {isa = PBXFileReference; explicitFileType = wrapper.application; includeInIndex = 0; path = iOS_Team7.app; sourceTree = BUILT_PRODUCTS_DIR; };
		1590744A2BAE29CA00F5E81E /* AppDelegate.swift */ = {isa = PBXFileReference; lastKnownFileType = sourcecode.swift; path = AppDelegate.swift; sourceTree = "<group>"; };
		1590744C2BAE29CA00F5E81E /* SceneDelegate.swift */ = {isa = PBXFileReference; lastKnownFileType = sourcecode.swift; path = SceneDelegate.swift; sourceTree = "<group>"; };
		159074512BAE29CA00F5E81E /* Base */ = {isa = PBXFileReference; lastKnownFileType = file.storyboard; name = Base; path = Base.lproj/Main.storyboard; sourceTree = "<group>"; };
		159074532BAE29CB00F5E81E /* Assets.xcassets */ = {isa = PBXFileReference; lastKnownFileType = folder.assetcatalog; path = Assets.xcassets; sourceTree = "<group>"; };
		159074562BAE29CB00F5E81E /* Base */ = {isa = PBXFileReference; lastKnownFileType = file.storyboard; name = Base; path = Base.lproj/LaunchScreen.storyboard; sourceTree = "<group>"; };
		159074582BAE29CB00F5E81E /* Info.plist */ = {isa = PBXFileReference; lastKnownFileType = text.plist.xml; path = Info.plist; sourceTree = "<group>"; };
		1590745D2BAE29CB00F5E81E /* iOS_Team7Tests.xctest */ = {isa = PBXFileReference; explicitFileType = wrapper.cfbundle; includeInIndex = 0; path = iOS_Team7Tests.xctest; sourceTree = BUILT_PRODUCTS_DIR; };
		159074612BAE29CB00F5E81E /* iOS_Team7Tests.swift */ = {isa = PBXFileReference; lastKnownFileType = sourcecode.swift; path = iOS_Team7Tests.swift; sourceTree = "<group>"; };
		159074672BAE29CB00F5E81E /* iOS_Team7UITests.xctest */ = {isa = PBXFileReference; explicitFileType = wrapper.cfbundle; includeInIndex = 0; path = iOS_Team7UITests.xctest; sourceTree = BUILT_PRODUCTS_DIR; };
		1590746B2BAE29CB00F5E81E /* iOS_Team7UITests.swift */ = {isa = PBXFileReference; lastKnownFileType = sourcecode.swift; path = iOS_Team7UITests.swift; sourceTree = "<group>"; };
		1590746D2BAE29CB00F5E81E /* iOS_Team7UITestsLaunchTests.swift */ = {isa = PBXFileReference; lastKnownFileType = sourcecode.swift; path = iOS_Team7UITestsLaunchTests.swift; sourceTree = "<group>"; };
		4499068B2BB22B6500258327 /* LoginView.swift */ = {isa = PBXFileReference; fileEncoding = 4; lastKnownFileType = sourcecode.swift; path = LoginView.swift; sourceTree = "<group>"; };
		4499068F2BB22BBF00258327 /* RegisterView.swift */ = {isa = PBXFileReference; fileEncoding = 4; lastKnownFileType = sourcecode.swift; path = RegisterView.swift; sourceTree = "<group>"; };
		449906912BB22BC400258327 /* RegisterViewController.swift */ = {isa = PBXFileReference; fileEncoding = 4; lastKnownFileType = sourcecode.swift; path = RegisterViewController.swift; sourceTree = "<group>"; };
		449906942BB22C3400258327 /* ProfileView.swift */ = {isa = PBXFileReference; fileEncoding = 4; lastKnownFileType = sourcecode.swift; path = ProfileView.swift; sourceTree = "<group>"; };
		449906A12BB22E4200258327 /* ContactInfo.swift */ = {isa = PBXFileReference; fileEncoding = 4; lastKnownFileType = sourcecode.swift; path = ContactInfo.swift; sourceTree = "<group>"; };
		449906A22BB22E4200258327 /* User.swift */ = {isa = PBXFileReference; fileEncoding = 4; lastKnownFileType = sourcecode.swift; path = User.swift; sourceTree = "<group>"; };
		449906A72BB22E5100258327 /* tokenManager.swift */ = {isa = PBXFileReference; fileEncoding = 4; lastKnownFileType = sourcecode.swift; path = tokenManager.swift; sourceTree = "<group>"; };
		449906A82BB22E5100258327 /* AuthAPIController.swift */ = {isa = PBXFileReference; fileEncoding = 4; lastKnownFileType = sourcecode.swift; path = AuthAPIController.swift; sourceTree = "<group>"; };
		449906A92BB22E5100258327 /* NotesApiController.swift */ = {isa = PBXFileReference; fileEncoding = 4; lastKnownFileType = sourcecode.swift; path = NotesApiController.swift; sourceTree = "<group>"; };
		449906E42BB24E9300258327 /* README.md */ = {isa = PBXFileReference; lastKnownFileType = net.daringfireball.markdown; path = README.md; sourceTree = "<group>"; };
		449906F02BB2751500258327 /* Chat.swift */ = {isa = PBXFileReference; lastKnownFileType = sourcecode.swift; path = Chat.swift; sourceTree = "<group>"; };
		449906F22BB2756B00258327 /* Model.swift */ = {isa = PBXFileReference; lastKnownFileType = sourcecode.swift; path = Model.swift; sourceTree = "<group>"; };
		449906F42BB275F800258327 /* ChatMessage.swift */ = {isa = PBXFileReference; lastKnownFileType = sourcecode.swift; path = ChatMessage.swift; sourceTree = "<group>"; };
		449906F62BB3442E00258327 /* ChatPanel.swift */ = {isa = PBXFileReference; lastKnownFileType = sourcecode.swift; path = ChatPanel.swift; sourceTree = "<group>"; };
		449906FE2BB34A8700258327 /* ChatsViewController.swift */ = {isa = PBXFileReference; lastKnownFileType = sourcecode.swift; path = ChatsViewController.swift; sourceTree = "<group>"; };
		449907002BB34AA400258327 /* ChatsView.swift */ = {isa = PBXFileReference; lastKnownFileType = sourcecode.swift; path = ChatsView.swift; sourceTree = "<group>"; };
		449907022BB34B0D00258327 /* ChatsTableViewCell.swift */ = {isa = PBXFileReference; lastKnownFileType = sourcecode.swift; path = ChatsTableViewCell.swift; sourceTree = "<group>"; };
		48B4E44D7F66AF0A9EC8057E /* Pods-iOS_Team7Tests.debug.xcconfig */ = {isa = PBXFileReference; includeInIndex = 1; lastKnownFileType = text.xcconfig; name = "Pods-iOS_Team7Tests.debug.xcconfig"; path = "Target Support Files/Pods-iOS_Team7Tests/Pods-iOS_Team7Tests.debug.xcconfig"; sourceTree = "<group>"; };
		4C3125F1E274C05D6B4A2074 /* Pods-iOS_Team7-iOS_Team7UITests.debug.xcconfig */ = {isa = PBXFileReference; includeInIndex = 1; lastKnownFileType = text.xcconfig; name = "Pods-iOS_Team7-iOS_Team7UITests.debug.xcconfig"; path = "Target Support Files/Pods-iOS_Team7-iOS_Team7UITests/Pods-iOS_Team7-iOS_Team7UITests.debug.xcconfig"; sourceTree = "<group>"; };
		5FAC1413A687CA3A8FDD81CF /* Pods-iOS_Team7.release.xcconfig */ = {isa = PBXFileReference; includeInIndex = 1; lastKnownFileType = text.xcconfig; name = "Pods-iOS_Team7.release.xcconfig"; path = "Target Support Files/Pods-iOS_Team7/Pods-iOS_Team7.release.xcconfig"; sourceTree = "<group>"; };
		69747358AC3179CBAF1CB368 /* Pods_iOS_Team7Tests.framework */ = {isa = PBXFileReference; explicitFileType = wrapper.framework; includeInIndex = 0; path = Pods_iOS_Team7Tests.framework; sourceTree = BUILT_PRODUCTS_DIR; };
		9D7A8866E86506BB799CC901 /* Pods-iOS_Team7-iOS_Team7UITests.release.xcconfig */ = {isa = PBXFileReference; includeInIndex = 1; lastKnownFileType = text.xcconfig; name = "Pods-iOS_Team7-iOS_Team7UITests.release.xcconfig"; path = "Target Support Files/Pods-iOS_Team7-iOS_Team7UITests/Pods-iOS_Team7-iOS_Team7UITests.release.xcconfig"; sourceTree = "<group>"; };
		A1C3A31BD4C19F40C34BD3C1 /* Pods_iOS_Team7.framework */ = {isa = PBXFileReference; explicitFileType = wrapper.framework; includeInIndex = 0; path = Pods_iOS_Team7.framework; sourceTree = BUILT_PRODUCTS_DIR; };
		A422E60606665755D5FFB4ED /* Pods-iOS_Team7Tests.release.xcconfig */ = {isa = PBXFileReference; includeInIndex = 1; lastKnownFileType = text.xcconfig; name = "Pods-iOS_Team7Tests.release.xcconfig"; path = "Target Support Files/Pods-iOS_Team7Tests/Pods-iOS_Team7Tests.release.xcconfig"; sourceTree = "<group>"; };
/* End PBXFileReference section */

/* Begin PBXFrameworksBuildPhase section */
		159074442BAE29CA00F5E81E /* Frameworks */ = {
			isa = PBXFrameworksBuildPhase;
			buildActionMask = 2147483647;
			files = (
				28F76578A64B1D089C018010 /* Pods_iOS_Team7.framework in Frameworks */,
			);
			runOnlyForDeploymentPostprocessing = 0;
		};
		1590745A2BAE29CB00F5E81E /* Frameworks */ = {
			isa = PBXFrameworksBuildPhase;
			buildActionMask = 2147483647;
			files = (
				A5C4934F3A233F6B6BF4C881 /* Pods_iOS_Team7Tests.framework in Frameworks */,
			);
			runOnlyForDeploymentPostprocessing = 0;
		};
		159074642BAE29CB00F5E81E /* Frameworks */ = {
			isa = PBXFrameworksBuildPhase;
			buildActionMask = 2147483647;
			files = (
				7F49B3B6B3DFF36A2A9A65E5 /* Pods_iOS_Team7_iOS_Team7UITests.framework in Frameworks */,
			);
			runOnlyForDeploymentPostprocessing = 0;
		};
/* End PBXFrameworksBuildPhase section */

/* Begin PBXGroup section */
		1590743E2BAE29CA00F5E81E = {
			isa = PBXGroup;
			children = (
				159074492BAE29CA00F5E81E /* iOS_Team7 */,
				159074602BAE29CB00F5E81E /* iOS_Team7Tests */,
				1590746A2BAE29CB00F5E81E /* iOS_Team7UITests */,
				159074482BAE29CA00F5E81E /* Products */,
				4DB012DB3C2ACB5BDEAB6AE1 /* Pods */,
				57064077307A2C0A64C02B33 /* Frameworks */,
			);
			sourceTree = "<group>";
		};
		159074482BAE29CA00F5E81E /* Products */ = {
			isa = PBXGroup;
			children = (
				159074472BAE29CA00F5E81E /* iOS_Team7.app */,
				1590745D2BAE29CB00F5E81E /* iOS_Team7Tests.xctest */,
				159074672BAE29CB00F5E81E /* iOS_Team7UITests.xctest */,
			);
			name = Products;
			sourceTree = "<group>";
		};
		159074492BAE29CA00F5E81E /* iOS_Team7 */ = {
			isa = PBXGroup;
			children = (
				449906FD2BB34A5300258327 /* ChatListScreen */,
				449906A62BB22E5100258327 /* Utils */,
				4499069F2BB22E4100258327 /* Data Models */,
				449906932BB22C1F00258327 /* Profile */,
				449906822BB22A7400258327 /* SignUp */,
				449906812BB22A6800258327 /* Login */,
				15308F722BBA025500A35ED8 /* GoogleService-Info.plist */,
				1590744A2BAE29CA00F5E81E /* AppDelegate.swift */,
				1590744C2BAE29CA00F5E81E /* SceneDelegate.swift */,
				159074502BAE29CA00F5E81E /* Main.storyboard */,
				159074532BAE29CB00F5E81E /* Assets.xcassets */,
				159074552BAE29CB00F5E81E /* LaunchScreen.storyboard */,
				159074582BAE29CB00F5E81E /* Info.plist */,
				449906E42BB24E9300258327 /* README.md */,
			);
			path = iOS_Team7;
			sourceTree = "<group>";
		};
		159074602BAE29CB00F5E81E /* iOS_Team7Tests */ = {
			isa = PBXGroup;
			children = (
				159074612BAE29CB00F5E81E /* iOS_Team7Tests.swift */,
			);
			path = iOS_Team7Tests;
			sourceTree = "<group>";
		};
		1590746A2BAE29CB00F5E81E /* iOS_Team7UITests */ = {
			isa = PBXGroup;
			children = (
				1590746B2BAE29CB00F5E81E /* iOS_Team7UITests.swift */,
				1590746D2BAE29CB00F5E81E /* iOS_Team7UITestsLaunchTests.swift */,
			);
			path = iOS_Team7UITests;
			sourceTree = "<group>";
		};
		449906812BB22A6800258327 /* Login */ = {
			isa = PBXGroup;
			children = (
				15308F702BBA024900A35ED8 /* ViewController.swift */,
				4499068B2BB22B6500258327 /* LoginView.swift */,
			);
			path = Login;
			sourceTree = "<group>";
		};
		449906822BB22A7400258327 /* SignUp */ = {
			isa = PBXGroup;
			children = (
				449906912BB22BC400258327 /* RegisterViewController.swift */,
				4499068F2BB22BBF00258327 /* RegisterView.swift */,
			);
			path = SignUp;
			sourceTree = "<group>";
		};
		449906932BB22C1F00258327 /* Profile */ = {
			isa = PBXGroup;
			children = (
				15308F6E2BBA023D00A35ED8 /* ProfileViewController.swift */,
				449906942BB22C3400258327 /* ProfileView.swift */,
			);
			path = Profile;
			sourceTree = "<group>";
		};
		4499069F2BB22E4100258327 /* Data Models */ = {
			isa = PBXGroup;
			children = (
				449906A12BB22E4200258327 /* ContactInfo.swift */,
				449906A22BB22E4200258327 /* User.swift */,
				449906F02BB2751500258327 /* Chat.swift */,
				449906F22BB2756B00258327 /* Model.swift */,
				449906F42BB275F800258327 /* ChatMessage.swift */,
				449906F62BB3442E00258327 /* ChatPanel.swift */,
			);
			name = "Data Models";
			path = "iOS_Team7/Data Models";
			sourceTree = SOURCE_ROOT;
		};
		449906A62BB22E5100258327 /* Utils */ = {
			isa = PBXGroup;
			children = (
				449906A72BB22E5100258327 /* tokenManager.swift */,
				449906A82BB22E5100258327 /* AuthAPIController.swift */,
				449906A92BB22E5100258327 /* NotesApiController.swift */,
			);
			path = Utils;
			sourceTree = "<group>";
		};
		449906FD2BB34A5300258327 /* ChatListScreen */ = {
			isa = PBXGroup;
			children = (
				449906FE2BB34A8700258327 /* ChatsViewController.swift */,
				449907002BB34AA400258327 /* ChatsView.swift */,
				449907022BB34B0D00258327 /* ChatsTableViewCell.swift */,
			);
			path = ChatListScreen;
			sourceTree = "<group>";
		};
		4DB012DB3C2ACB5BDEAB6AE1 /* Pods */ = {
			isa = PBXGroup;
			children = (
				058FE16CDC6878454A1470EE /* Pods-iOS_Team7.debug.xcconfig */,
				5FAC1413A687CA3A8FDD81CF /* Pods-iOS_Team7.release.xcconfig */,
				4C3125F1E274C05D6B4A2074 /* Pods-iOS_Team7-iOS_Team7UITests.debug.xcconfig */,
				9D7A8866E86506BB799CC901 /* Pods-iOS_Team7-iOS_Team7UITests.release.xcconfig */,
				48B4E44D7F66AF0A9EC8057E /* Pods-iOS_Team7Tests.debug.xcconfig */,
				A422E60606665755D5FFB4ED /* Pods-iOS_Team7Tests.release.xcconfig */,
			);
			path = Pods;
			sourceTree = "<group>";
		};
		57064077307A2C0A64C02B33 /* Frameworks */ = {
			isa = PBXGroup;
			children = (
				A1C3A31BD4C19F40C34BD3C1 /* Pods_iOS_Team7.framework */,
				0A97AC5C5B793D4E4334DA1B /* Pods_iOS_Team7_iOS_Team7UITests.framework */,
				69747358AC3179CBAF1CB368 /* Pods_iOS_Team7Tests.framework */,
			);
			name = Frameworks;
			sourceTree = "<group>";
		};
/* End PBXGroup section */

/* Begin PBXNativeTarget section */
		159074462BAE29CA00F5E81E /* iOS_Team7 */ = {
			isa = PBXNativeTarget;
			buildConfigurationList = 159074712BAE29CB00F5E81E /* Build configuration list for PBXNativeTarget "iOS_Team7" */;
			buildPhases = (
				9C74056D2E08835FDEB89DC5 /* [CP] Check Pods Manifest.lock */,
				159074432BAE29CA00F5E81E /* Sources */,
				159074442BAE29CA00F5E81E /* Frameworks */,
				159074452BAE29CA00F5E81E /* Resources */,
				700964CF5E812CC342E51AB9 /* [CP] Embed Pods Frameworks */,
			);
			buildRules = (
			);
			dependencies = (
			);
			name = iOS_Team7;
			productName = iOS_Team7;
			productReference = 159074472BAE29CA00F5E81E /* iOS_Team7.app */;
			productType = "com.apple.product-type.application";
		};
		1590745C2BAE29CB00F5E81E /* iOS_Team7Tests */ = {
			isa = PBXNativeTarget;
			buildConfigurationList = 159074742BAE29CB00F5E81E /* Build configuration list for PBXNativeTarget "iOS_Team7Tests" */;
			buildPhases = (
				A4000999AD8FA651153B149F /* [CP] Check Pods Manifest.lock */,
				159074592BAE29CB00F5E81E /* Sources */,
				1590745A2BAE29CB00F5E81E /* Frameworks */,
				1590745B2BAE29CB00F5E81E /* Resources */,
			);
			buildRules = (
			);
			dependencies = (
				1590745F2BAE29CB00F5E81E /* PBXTargetDependency */,
			);
			name = iOS_Team7Tests;
			productName = iOS_Team7Tests;
			productReference = 1590745D2BAE29CB00F5E81E /* iOS_Team7Tests.xctest */;
			productType = "com.apple.product-type.bundle.unit-test";
		};
		159074662BAE29CB00F5E81E /* iOS_Team7UITests */ = {
			isa = PBXNativeTarget;
			buildConfigurationList = 159074772BAE29CB00F5E81E /* Build configuration list for PBXNativeTarget "iOS_Team7UITests" */;
			buildPhases = (
				8EBE0431CB9D1BDDF9EB77D4 /* [CP] Check Pods Manifest.lock */,
				159074632BAE29CB00F5E81E /* Sources */,
				159074642BAE29CB00F5E81E /* Frameworks */,
				159074652BAE29CB00F5E81E /* Resources */,
				DF44A85E0852E0F6FD427A28 /* [CP] Embed Pods Frameworks */,
			);
			buildRules = (
			);
			dependencies = (
				159074692BAE29CB00F5E81E /* PBXTargetDependency */,
			);
			name = iOS_Team7UITests;
			productName = iOS_Team7UITests;
			productReference = 159074672BAE29CB00F5E81E /* iOS_Team7UITests.xctest */;
			productType = "com.apple.product-type.bundle.ui-testing";
		};
/* End PBXNativeTarget section */

/* Begin PBXProject section */
		1590743F2BAE29CA00F5E81E /* Project object */ = {
			isa = PBXProject;
			attributes = {
				BuildIndependentTargetsInParallel = 1;
				LastSwiftUpdateCheck = 1530;
				LastUpgradeCheck = 1530;
				TargetAttributes = {
					159074462BAE29CA00F5E81E = {
						CreatedOnToolsVersion = 15.3;
					};
					1590745C2BAE29CB00F5E81E = {
						CreatedOnToolsVersion = 15.3;
						TestTargetID = 159074462BAE29CA00F5E81E;
					};
					159074662BAE29CB00F5E81E = {
						CreatedOnToolsVersion = 15.3;
						TestTargetID = 159074462BAE29CA00F5E81E;
					};
				};
			};
			buildConfigurationList = 159074422BAE29CA00F5E81E /* Build configuration list for PBXProject "iOS_Team7" */;
			compatibilityVersion = "Xcode 14.0";
			developmentRegion = en;
			hasScannedForEncodings = 0;
			knownRegions = (
				en,
				Base,
			);
			mainGroup = 1590743E2BAE29CA00F5E81E;
			packageReferences = (
				449906802BB22A4600258327 /* XCRemoteSwiftPackageReference "firebase-ios-sdk" */,
			);
			productRefGroup = 159074482BAE29CA00F5E81E /* Products */;
			projectDirPath = "";
			projectRoot = "";
			targets = (
				159074462BAE29CA00F5E81E /* iOS_Team7 */,
				1590745C2BAE29CB00F5E81E /* iOS_Team7Tests */,
				159074662BAE29CB00F5E81E /* iOS_Team7UITests */,
			);
		};
/* End PBXProject section */

/* Begin PBXResourcesBuildPhase section */
		159074452BAE29CA00F5E81E /* Resources */ = {
			isa = PBXResourcesBuildPhase;
			buildActionMask = 2147483647;
			files = (
				159074542BAE29CB00F5E81E /* Assets.xcassets in Resources */,
				159074572BAE29CB00F5E81E /* Base in Resources */,
				15308F732BBA025500A35ED8 /* GoogleService-Info.plist in Resources */,
				159074522BAE29CA00F5E81E /* Base in Resources */,
			);
			runOnlyForDeploymentPostprocessing = 0;
		};
		1590745B2BAE29CB00F5E81E /* Resources */ = {
			isa = PBXResourcesBuildPhase;
			buildActionMask = 2147483647;
			files = (
			);
			runOnlyForDeploymentPostprocessing = 0;
		};
		159074652BAE29CB00F5E81E /* Resources */ = {
			isa = PBXResourcesBuildPhase;
			buildActionMask = 2147483647;
			files = (
			);
			runOnlyForDeploymentPostprocessing = 0;
		};
/* End PBXResourcesBuildPhase section */

/* Begin PBXShellScriptBuildPhase section */
		700964CF5E812CC342E51AB9 /* [CP] Embed Pods Frameworks */ = {
			isa = PBXShellScriptBuildPhase;
			buildActionMask = 2147483647;
			files = (
			);
			inputFileListPaths = (
				"${PODS_ROOT}/Target Support Files/Pods-iOS_Team7/Pods-iOS_Team7-frameworks-${CONFIGURATION}-input-files.xcfilelist",
			);
			name = "[CP] Embed Pods Frameworks";
			outputFileListPaths = (
				"${PODS_ROOT}/Target Support Files/Pods-iOS_Team7/Pods-iOS_Team7-frameworks-${CONFIGURATION}-output-files.xcfilelist",
			);
			runOnlyForDeploymentPostprocessing = 0;
			shellPath = /bin/sh;
			shellScript = "\"${PODS_ROOT}/Target Support Files/Pods-iOS_Team7/Pods-iOS_Team7-frameworks.sh\"\n";
			showEnvVarsInLog = 0;
		};
		8EBE0431CB9D1BDDF9EB77D4 /* [CP] Check Pods Manifest.lock */ = {
			isa = PBXShellScriptBuildPhase;
			buildActionMask = 2147483647;
			files = (
			);
			inputFileListPaths = (
			);
			inputPaths = (
				"${PODS_PODFILE_DIR_PATH}/Podfile.lock",
				"${PODS_ROOT}/Manifest.lock",
			);
			name = "[CP] Check Pods Manifest.lock";
			outputFileListPaths = (
			);
			outputPaths = (
				"$(DERIVED_FILE_DIR)/Pods-iOS_Team7-iOS_Team7UITests-checkManifestLockResult.txt",
			);
			runOnlyForDeploymentPostprocessing = 0;
			shellPath = /bin/sh;
			shellScript = "diff \"${PODS_PODFILE_DIR_PATH}/Podfile.lock\" \"${PODS_ROOT}/Manifest.lock\" > /dev/null\nif [ $? != 0 ] ; then\n    # print error to STDERR\n    echo \"error: The sandbox is not in sync with the Podfile.lock. Run 'pod install' or update your CocoaPods installation.\" >&2\n    exit 1\nfi\n# This output is used by Xcode 'outputs' to avoid re-running this script phase.\necho \"SUCCESS\" > \"${SCRIPT_OUTPUT_FILE_0}\"\n";
			showEnvVarsInLog = 0;
		};
		9C74056D2E08835FDEB89DC5 /* [CP] Check Pods Manifest.lock */ = {
			isa = PBXShellScriptBuildPhase;
			buildActionMask = 2147483647;
			files = (
			);
			inputFileListPaths = (
			);
			inputPaths = (
				"${PODS_PODFILE_DIR_PATH}/Podfile.lock",
				"${PODS_ROOT}/Manifest.lock",
			);
			name = "[CP] Check Pods Manifest.lock";
			outputFileListPaths = (
			);
			outputPaths = (
				"$(DERIVED_FILE_DIR)/Pods-iOS_Team7-checkManifestLockResult.txt",
			);
			runOnlyForDeploymentPostprocessing = 0;
			shellPath = /bin/sh;
			shellScript = "diff \"${PODS_PODFILE_DIR_PATH}/Podfile.lock\" \"${PODS_ROOT}/Manifest.lock\" > /dev/null\nif [ $? != 0 ] ; then\n    # print error to STDERR\n    echo \"error: The sandbox is not in sync with the Podfile.lock. Run 'pod install' or update your CocoaPods installation.\" >&2\n    exit 1\nfi\n# This output is used by Xcode 'outputs' to avoid re-running this script phase.\necho \"SUCCESS\" > \"${SCRIPT_OUTPUT_FILE_0}\"\n";
			showEnvVarsInLog = 0;
		};
		A4000999AD8FA651153B149F /* [CP] Check Pods Manifest.lock */ = {
			isa = PBXShellScriptBuildPhase;
			buildActionMask = 2147483647;
			files = (
			);
			inputFileListPaths = (
			);
			inputPaths = (
				"${PODS_PODFILE_DIR_PATH}/Podfile.lock",
				"${PODS_ROOT}/Manifest.lock",
			);
			name = "[CP] Check Pods Manifest.lock";
			outputFileListPaths = (
			);
			outputPaths = (
				"$(DERIVED_FILE_DIR)/Pods-iOS_Team7Tests-checkManifestLockResult.txt",
			);
			runOnlyForDeploymentPostprocessing = 0;
			shellPath = /bin/sh;
			shellScript = "diff \"${PODS_PODFILE_DIR_PATH}/Podfile.lock\" \"${PODS_ROOT}/Manifest.lock\" > /dev/null\nif [ $? != 0 ] ; then\n    # print error to STDERR\n    echo \"error: The sandbox is not in sync with the Podfile.lock. Run 'pod install' or update your CocoaPods installation.\" >&2\n    exit 1\nfi\n# This output is used by Xcode 'outputs' to avoid re-running this script phase.\necho \"SUCCESS\" > \"${SCRIPT_OUTPUT_FILE_0}\"\n";
			showEnvVarsInLog = 0;
		};
		DF44A85E0852E0F6FD427A28 /* [CP] Embed Pods Frameworks */ = {
			isa = PBXShellScriptBuildPhase;
			buildActionMask = 2147483647;
			files = (
			);
			inputFileListPaths = (
				"${PODS_ROOT}/Target Support Files/Pods-iOS_Team7-iOS_Team7UITests/Pods-iOS_Team7-iOS_Team7UITests-frameworks-${CONFIGURATION}-input-files.xcfilelist",
			);
			name = "[CP] Embed Pods Frameworks";
			outputFileListPaths = (
				"${PODS_ROOT}/Target Support Files/Pods-iOS_Team7-iOS_Team7UITests/Pods-iOS_Team7-iOS_Team7UITests-frameworks-${CONFIGURATION}-output-files.xcfilelist",
			);
			runOnlyForDeploymentPostprocessing = 0;
			shellPath = /bin/sh;
			shellScript = "\"${PODS_ROOT}/Target Support Files/Pods-iOS_Team7-iOS_Team7UITests/Pods-iOS_Team7-iOS_Team7UITests-frameworks.sh\"\n";
			showEnvVarsInLog = 0;
		};
/* End PBXShellScriptBuildPhase section */

/* Begin PBXSourcesBuildPhase section */
		159074432BAE29CA00F5E81E /* Sources */ = {
			isa = PBXSourcesBuildPhase;
			buildActionMask = 2147483647;
			files = (
				449906F72BB3442E00258327 /* ChatPanel.swift in Sources */,
				4499068C2BB22B6500258327 /* LoginView.swift in Sources */,
				449906902BB22BBF00258327 /* RegisterView.swift in Sources */,
				449906AB2BB22E5100258327 /* AuthAPIController.swift in Sources */,
				449906A52BB22E4200258327 /* User.swift in Sources */,
				1590744B2BAE29CA00F5E81E /* AppDelegate.swift in Sources */,
				449906AA2BB22E5100258327 /* tokenManager.swift in Sources */,
				449906922BB22BC400258327 /* RegisterViewController.swift in Sources */,
				449906AC2BB22E5100258327 /* NotesApiController.swift in Sources */,
				449906A42BB22E4200258327 /* ContactInfo.swift in Sources */,
				449907012BB34AA400258327 /* ChatsView.swift in Sources */,
				449907032BB34B0D00258327 /* ChatsTableViewCell.swift in Sources */,
				449906F52BB275F800258327 /* ChatMessage.swift in Sources */,
				449906952BB22C3400258327 /* ProfileView.swift in Sources */,
				449906F12BB2751500258327 /* Chat.swift in Sources */,
				449906F32BB2756B00258327 /* Model.swift in Sources */,
				15308F6F2BBA023D00A35ED8 /* ProfileViewController.swift in Sources */,
				15308F712BBA024900A35ED8 /* ViewController.swift in Sources */,
				449906FF2BB34A8700258327 /* ChatsViewController.swift in Sources */,
				1590744D2BAE29CA00F5E81E /* SceneDelegate.swift in Sources */,
			);
			runOnlyForDeploymentPostprocessing = 0;
		};
		159074592BAE29CB00F5E81E /* Sources */ = {
			isa = PBXSourcesBuildPhase;
			buildActionMask = 2147483647;
			files = (
				159074622BAE29CB00F5E81E /* iOS_Team7Tests.swift in Sources */,
			);
			runOnlyForDeploymentPostprocessing = 0;
		};
		159074632BAE29CB00F5E81E /* Sources */ = {
			isa = PBXSourcesBuildPhase;
			buildActionMask = 2147483647;
			files = (
				1590746C2BAE29CB00F5E81E /* iOS_Team7UITests.swift in Sources */,
				1590746E2BAE29CB00F5E81E /* iOS_Team7UITestsLaunchTests.swift in Sources */,
			);
			runOnlyForDeploymentPostprocessing = 0;
		};
/* End PBXSourcesBuildPhase section */

/* Begin PBXTargetDependency section */
		1590745F2BAE29CB00F5E81E /* PBXTargetDependency */ = {
			isa = PBXTargetDependency;
			target = 159074462BAE29CA00F5E81E /* iOS_Team7 */;
			targetProxy = 1590745E2BAE29CB00F5E81E /* PBXContainerItemProxy */;
		};
		159074692BAE29CB00F5E81E /* PBXTargetDependency */ = {
			isa = PBXTargetDependency;
			target = 159074462BAE29CA00F5E81E /* iOS_Team7 */;
			targetProxy = 159074682BAE29CB00F5E81E /* PBXContainerItemProxy */;
		};
/* End PBXTargetDependency section */

/* Begin PBXVariantGroup section */
		159074502BAE29CA00F5E81E /* Main.storyboard */ = {
			isa = PBXVariantGroup;
			children = (
				159074512BAE29CA00F5E81E /* Base */,
			);
			name = Main.storyboard;
			sourceTree = "<group>";
		};
		159074552BAE29CB00F5E81E /* LaunchScreen.storyboard */ = {
			isa = PBXVariantGroup;
			children = (
				159074562BAE29CB00F5E81E /* Base */,
			);
			name = LaunchScreen.storyboard;
			sourceTree = "<group>";
		};
/* End PBXVariantGroup section */

/* Begin XCBuildConfiguration section */
		1590746F2BAE29CB00F5E81E /* Debug */ = {
			isa = XCBuildConfiguration;
			buildSettings = {
				ALWAYS_SEARCH_USER_PATHS = NO;
				ASSETCATALOG_COMPILER_GENERATE_SWIFT_ASSET_SYMBOL_EXTENSIONS = YES;
				CLANG_ANALYZER_NONNULL = YES;
				CLANG_ANALYZER_NUMBER_OBJECT_CONVERSION = YES_AGGRESSIVE;
				CLANG_CXX_LANGUAGE_STANDARD = "gnu++20";
				CLANG_ENABLE_MODULES = YES;
				CLANG_ENABLE_OBJC_ARC = YES;
				CLANG_ENABLE_OBJC_WEAK = YES;
				CLANG_WARN_BLOCK_CAPTURE_AUTORELEASING = YES;
				CLANG_WARN_BOOL_CONVERSION = YES;
				CLANG_WARN_COMMA = YES;
				CLANG_WARN_CONSTANT_CONVERSION = YES;
				CLANG_WARN_DEPRECATED_OBJC_IMPLEMENTATIONS = YES;
				CLANG_WARN_DIRECT_OBJC_ISA_USAGE = YES_ERROR;
				CLANG_WARN_DOCUMENTATION_COMMENTS = YES;
				CLANG_WARN_EMPTY_BODY = YES;
				CLANG_WARN_ENUM_CONVERSION = YES;
				CLANG_WARN_INFINITE_RECURSION = YES;
				CLANG_WARN_INT_CONVERSION = YES;
				CLANG_WARN_NON_LITERAL_NULL_CONVERSION = YES;
				CLANG_WARN_OBJC_IMPLICIT_RETAIN_SELF = YES;
				CLANG_WARN_OBJC_LITERAL_CONVERSION = YES;
				CLANG_WARN_OBJC_ROOT_CLASS = YES_ERROR;
				CLANG_WARN_QUOTED_INCLUDE_IN_FRAMEWORK_HEADER = YES;
				CLANG_WARN_RANGE_LOOP_ANALYSIS = YES;
				CLANG_WARN_STRICT_PROTOTYPES = YES;
				CLANG_WARN_SUSPICIOUS_MOVE = YES;
				CLANG_WARN_UNGUARDED_AVAILABILITY = YES_AGGRESSIVE;
				CLANG_WARN_UNREACHABLE_CODE = YES;
				CLANG_WARN__DUPLICATE_METHOD_MATCH = YES;
				COPY_PHASE_STRIP = NO;
				DEBUG_INFORMATION_FORMAT = dwarf;
				ENABLE_STRICT_OBJC_MSGSEND = YES;
				ENABLE_TESTABILITY = YES;
				ENABLE_USER_SCRIPT_SANDBOXING = NO;
				GCC_C_LANGUAGE_STANDARD = gnu17;
				GCC_DYNAMIC_NO_PIC = NO;
				GCC_NO_COMMON_BLOCKS = YES;
				GCC_OPTIMIZATION_LEVEL = 0;
				GCC_PREPROCESSOR_DEFINITIONS = (
					"DEBUG=1",
					"$(inherited)",
				);
				GCC_WARN_64_TO_32_BIT_CONVERSION = YES;
				GCC_WARN_ABOUT_RETURN_TYPE = YES_ERROR;
				GCC_WARN_UNDECLARED_SELECTOR = YES;
				GCC_WARN_UNINITIALIZED_AUTOS = YES_AGGRESSIVE;
				GCC_WARN_UNUSED_FUNCTION = YES;
				GCC_WARN_UNUSED_VARIABLE = YES;
				IPHONEOS_DEPLOYMENT_TARGET = 17.4;
				LOCALIZATION_PREFERS_STRING_CATALOGS = YES;
				MTL_ENABLE_DEBUG_INFO = INCLUDE_SOURCE;
				MTL_FAST_MATH = YES;
				ONLY_ACTIVE_ARCH = YES;
				SDKROOT = iphoneos;
				SWIFT_ACTIVE_COMPILATION_CONDITIONS = "DEBUG $(inherited)";
				SWIFT_OPTIMIZATION_LEVEL = "-Onone";
			};
			name = Debug;
		};
		159074702BAE29CB00F5E81E /* Release */ = {
			isa = XCBuildConfiguration;
			buildSettings = {
				ALWAYS_SEARCH_USER_PATHS = NO;
				ASSETCATALOG_COMPILER_GENERATE_SWIFT_ASSET_SYMBOL_EXTENSIONS = YES;
				CLANG_ANALYZER_NONNULL = YES;
				CLANG_ANALYZER_NUMBER_OBJECT_CONVERSION = YES_AGGRESSIVE;
				CLANG_CXX_LANGUAGE_STANDARD = "gnu++20";
				CLANG_ENABLE_MODULES = YES;
				CLANG_ENABLE_OBJC_ARC = YES;
				CLANG_ENABLE_OBJC_WEAK = YES;
				CLANG_WARN_BLOCK_CAPTURE_AUTORELEASING = YES;
				CLANG_WARN_BOOL_CONVERSION = YES;
				CLANG_WARN_COMMA = YES;
				CLANG_WARN_CONSTANT_CONVERSION = YES;
				CLANG_WARN_DEPRECATED_OBJC_IMPLEMENTATIONS = YES;
				CLANG_WARN_DIRECT_OBJC_ISA_USAGE = YES_ERROR;
				CLANG_WARN_DOCUMENTATION_COMMENTS = YES;
				CLANG_WARN_EMPTY_BODY = YES;
				CLANG_WARN_ENUM_CONVERSION = YES;
				CLANG_WARN_INFINITE_RECURSION = YES;
				CLANG_WARN_INT_CONVERSION = YES;
				CLANG_WARN_NON_LITERAL_NULL_CONVERSION = YES;
				CLANG_WARN_OBJC_IMPLICIT_RETAIN_SELF = YES;
				CLANG_WARN_OBJC_LITERAL_CONVERSION = YES;
				CLANG_WARN_OBJC_ROOT_CLASS = YES_ERROR;
				CLANG_WARN_QUOTED_INCLUDE_IN_FRAMEWORK_HEADER = YES;
				CLANG_WARN_RANGE_LOOP_ANALYSIS = YES;
				CLANG_WARN_STRICT_PROTOTYPES = YES;
				CLANG_WARN_SUSPICIOUS_MOVE = YES;
				CLANG_WARN_UNGUARDED_AVAILABILITY = YES_AGGRESSIVE;
				CLANG_WARN_UNREACHABLE_CODE = YES;
				CLANG_WARN__DUPLICATE_METHOD_MATCH = YES;
				COPY_PHASE_STRIP = NO;
				DEBUG_INFORMATION_FORMAT = "dwarf-with-dsym";
				ENABLE_NS_ASSERTIONS = NO;
				ENABLE_STRICT_OBJC_MSGSEND = YES;
				ENABLE_USER_SCRIPT_SANDBOXING = NO;
				GCC_C_LANGUAGE_STANDARD = gnu17;
				GCC_NO_COMMON_BLOCKS = YES;
				GCC_WARN_64_TO_32_BIT_CONVERSION = YES;
				GCC_WARN_ABOUT_RETURN_TYPE = YES_ERROR;
				GCC_WARN_UNDECLARED_SELECTOR = YES;
				GCC_WARN_UNINITIALIZED_AUTOS = YES_AGGRESSIVE;
				GCC_WARN_UNUSED_FUNCTION = YES;
				GCC_WARN_UNUSED_VARIABLE = YES;
				IPHONEOS_DEPLOYMENT_TARGET = 17.4;
				LOCALIZATION_PREFERS_STRING_CATALOGS = YES;
				MTL_ENABLE_DEBUG_INFO = NO;
				MTL_FAST_MATH = YES;
				SDKROOT = iphoneos;
				SWIFT_COMPILATION_MODE = wholemodule;
				VALIDATE_PRODUCT = YES;
			};
			name = Release;
		};
		159074722BAE29CB00F5E81E /* Debug */ = {
			isa = XCBuildConfiguration;
			baseConfigurationReference = 058FE16CDC6878454A1470EE /* Pods-iOS_Team7.debug.xcconfig */;
			buildSettings = {
				ASSETCATALOG_COMPILER_APPICON_NAME = AppIcon;
				ASSETCATALOG_COMPILER_GLOBAL_ACCENT_COLOR_NAME = AccentColor;
				CODE_SIGN_STYLE = Automatic;
				CURRENT_PROJECT_VERSION = 1;
				DEVELOPMENT_TEAM = L52T9V5L5X;
				GENERATE_INFOPLIST_FILE = YES;
				INFOPLIST_FILE = iOS_Team7/Info.plist;
				INFOPLIST_KEY_CFBundleDisplayName = weChat;
				INFOPLIST_KEY_UIApplicationSupportsIndirectInputEvents = YES;
				INFOPLIST_KEY_UILaunchStoryboardName = LaunchScreen;
				INFOPLIST_KEY_UIMainStoryboardFile = Main;
				INFOPLIST_KEY_UISupportedInterfaceOrientations_iPad = "UIInterfaceOrientationPortrait UIInterfaceOrientationPortraitUpsideDown UIInterfaceOrientationLandscapeLeft UIInterfaceOrientationLandscapeRight";
				INFOPLIST_KEY_UISupportedInterfaceOrientations_iPhone = "UIInterfaceOrientationPortrait UIInterfaceOrientationLandscapeLeft UIInterfaceOrientationLandscapeRight";
				IPHONEOS_DEPLOYMENT_TARGET = 17.0;
				LD_RUNPATH_SEARCH_PATHS = (
					"$(inherited)",
					"@executable_path/Frameworks",
				);
				MARKETING_VERSION = 1.0;
				PRODUCT_BUNDLE_IDENTIFIER = "edu.northeastern.iOS-Team7";
				PRODUCT_NAME = "$(TARGET_NAME)";
				SWIFT_EMIT_LOC_STRINGS = YES;
				SWIFT_VERSION = 5.0;
				TARGETED_DEVICE_FAMILY = "1,2";
			};
			name = Debug;
		};
		159074732BAE29CB00F5E81E /* Release */ = {
			isa = XCBuildConfiguration;
			baseConfigurationReference = 5FAC1413A687CA3A8FDD81CF /* Pods-iOS_Team7.release.xcconfig */;
			buildSettings = {
				ASSETCATALOG_COMPILER_APPICON_NAME = AppIcon;
				ASSETCATALOG_COMPILER_GLOBAL_ACCENT_COLOR_NAME = AccentColor;
				CODE_SIGN_STYLE = Automatic;
				CURRENT_PROJECT_VERSION = 1;
				DEVELOPMENT_TEAM = L52T9V5L5X;
				GENERATE_INFOPLIST_FILE = YES;
				INFOPLIST_FILE = iOS_Team7/Info.plist;
				INFOPLIST_KEY_CFBundleDisplayName = weChat;
				INFOPLIST_KEY_UIApplicationSupportsIndirectInputEvents = YES;
				INFOPLIST_KEY_UILaunchStoryboardName = LaunchScreen;
				INFOPLIST_KEY_UIMainStoryboardFile = Main;
				INFOPLIST_KEY_UISupportedInterfaceOrientations_iPad = "UIInterfaceOrientationPortrait UIInterfaceOrientationPortraitUpsideDown UIInterfaceOrientationLandscapeLeft UIInterfaceOrientationLandscapeRight";
				INFOPLIST_KEY_UISupportedInterfaceOrientations_iPhone = "UIInterfaceOrientationPortrait UIInterfaceOrientationLandscapeLeft UIInterfaceOrientationLandscapeRight";
				IPHONEOS_DEPLOYMENT_TARGET = 17.0;
				LD_RUNPATH_SEARCH_PATHS = (
					"$(inherited)",
					"@executable_path/Frameworks",
				);
				MARKETING_VERSION = 1.0;
				PRODUCT_BUNDLE_IDENTIFIER = "edu.northeastern.iOS-Team7";
				PRODUCT_NAME = "$(TARGET_NAME)";
				SWIFT_EMIT_LOC_STRINGS = YES;
				SWIFT_VERSION = 5.0;
				TARGETED_DEVICE_FAMILY = "1,2";
			};
			name = Release;
		};
		159074752BAE29CB00F5E81E /* Debug */ = {
			isa = XCBuildConfiguration;
			baseConfigurationReference = 48B4E44D7F66AF0A9EC8057E /* Pods-iOS_Team7Tests.debug.xcconfig */;
			buildSettings = {
				ALWAYS_EMBED_SWIFT_STANDARD_LIBRARIES = YES;
				BUNDLE_LOADER = "$(TEST_HOST)";
				CODE_SIGN_STYLE = Automatic;
				CURRENT_PROJECT_VERSION = 1;
				DEVELOPMENT_TEAM = L52T9V5L5X;
				GENERATE_INFOPLIST_FILE = YES;
				IPHONEOS_DEPLOYMENT_TARGET = 17.4;
				MARKETING_VERSION = 1.0;
				PRODUCT_BUNDLE_IDENTIFIER = "edu.northeastern.iOS-Team7Tests";
				PRODUCT_NAME = "$(TARGET_NAME)";
				SWIFT_EMIT_LOC_STRINGS = NO;
				SWIFT_VERSION = 5.0;
				TARGETED_DEVICE_FAMILY = "1,2";
				TEST_HOST = "$(BUILT_PRODUCTS_DIR)/iOS_Team7.app/$(BUNDLE_EXECUTABLE_FOLDER_PATH)/iOS_Team7";
			};
			name = Debug;
		};
		159074762BAE29CB00F5E81E /* Release */ = {
			isa = XCBuildConfiguration;
			baseConfigurationReference = A422E60606665755D5FFB4ED /* Pods-iOS_Team7Tests.release.xcconfig */;
			buildSettings = {
				ALWAYS_EMBED_SWIFT_STANDARD_LIBRARIES = YES;
				BUNDLE_LOADER = "$(TEST_HOST)";
				CODE_SIGN_STYLE = Automatic;
				CURRENT_PROJECT_VERSION = 1;
				DEVELOPMENT_TEAM = L52T9V5L5X;
				GENERATE_INFOPLIST_FILE = YES;
				IPHONEOS_DEPLOYMENT_TARGET = 17.4;
				MARKETING_VERSION = 1.0;
				PRODUCT_BUNDLE_IDENTIFIER = "edu.northeastern.iOS-Team7Tests";
				PRODUCT_NAME = "$(TARGET_NAME)";
				SWIFT_EMIT_LOC_STRINGS = NO;
				SWIFT_VERSION = 5.0;
				TARGETED_DEVICE_FAMILY = "1,2";
				TEST_HOST = "$(BUILT_PRODUCTS_DIR)/iOS_Team7.app/$(BUNDLE_EXECUTABLE_FOLDER_PATH)/iOS_Team7";
			};
			name = Release;
		};
		159074782BAE29CB00F5E81E /* Debug */ = {
			isa = XCBuildConfiguration;
			baseConfigurationReference = 4C3125F1E274C05D6B4A2074 /* Pods-iOS_Team7-iOS_Team7UITests.debug.xcconfig */;
			buildSettings = {
				ALWAYS_EMBED_SWIFT_STANDARD_LIBRARIES = YES;
				CODE_SIGN_STYLE = Automatic;
				CURRENT_PROJECT_VERSION = 1;
				DEVELOPMENT_TEAM = L52T9V5L5X;
				GENERATE_INFOPLIST_FILE = YES;
				MARKETING_VERSION = 1.0;
				PRODUCT_BUNDLE_IDENTIFIER = "edu.northeastern.iOS-Team7UITests";
				PRODUCT_NAME = "$(TARGET_NAME)";
				SWIFT_EMIT_LOC_STRINGS = NO;
				SWIFT_VERSION = 5.0;
				TARGETED_DEVICE_FAMILY = "1,2";
				TEST_TARGET_NAME = iOS_Team7;
			};
			name = Debug;
		};
		159074792BAE29CB00F5E81E /* Release */ = {
			isa = XCBuildConfiguration;
			baseConfigurationReference = 9D7A8866E86506BB799CC901 /* Pods-iOS_Team7-iOS_Team7UITests.release.xcconfig */;
			buildSettings = {
				ALWAYS_EMBED_SWIFT_STANDARD_LIBRARIES = YES;
				CODE_SIGN_STYLE = Automatic;
				CURRENT_PROJECT_VERSION = 1;
				DEVELOPMENT_TEAM = L52T9V5L5X;
				GENERATE_INFOPLIST_FILE = YES;
				MARKETING_VERSION = 1.0;
				PRODUCT_BUNDLE_IDENTIFIER = "edu.northeastern.iOS-Team7UITests";
				PRODUCT_NAME = "$(TARGET_NAME)";
				SWIFT_EMIT_LOC_STRINGS = NO;
				SWIFT_VERSION = 5.0;
				TARGETED_DEVICE_FAMILY = "1,2";
				TEST_TARGET_NAME = iOS_Team7;
			};
			name = Release;
		};
/* End XCBuildConfiguration section */

/* Begin XCConfigurationList section */
		159074422BAE29CA00F5E81E /* Build configuration list for PBXProject "iOS_Team7" */ = {
			isa = XCConfigurationList;
			buildConfigurations = (
				1590746F2BAE29CB00F5E81E /* Debug */,
				159074702BAE29CB00F5E81E /* Release */,
			);
			defaultConfigurationIsVisible = 0;
			defaultConfigurationName = Release;
		};
		159074712BAE29CB00F5E81E /* Build configuration list for PBXNativeTarget "iOS_Team7" */ = {
			isa = XCConfigurationList;
			buildConfigurations = (
				159074722BAE29CB00F5E81E /* Debug */,
				159074732BAE29CB00F5E81E /* Release */,
			);
			defaultConfigurationIsVisible = 0;
			defaultConfigurationName = Release;
		};
		159074742BAE29CB00F5E81E /* Build configuration list for PBXNativeTarget "iOS_Team7Tests" */ = {
			isa = XCConfigurationList;
			buildConfigurations = (
				159074752BAE29CB00F5E81E /* Debug */,
				159074762BAE29CB00F5E81E /* Release */,
			);
			defaultConfigurationIsVisible = 0;
			defaultConfigurationName = Release;
		};
		159074772BAE29CB00F5E81E /* Build configuration list for PBXNativeTarget "iOS_Team7UITests" */ = {
			isa = XCConfigurationList;
			buildConfigurations = (
				159074782BAE29CB00F5E81E /* Debug */,
				159074792BAE29CB00F5E81E /* Release */,
			);
			defaultConfigurationIsVisible = 0;
			defaultConfigurationName = Release;
		};
/* End XCConfigurationList section */

/* Begin XCRemoteSwiftPackageReference section */
		449906802BB22A4600258327 /* XCRemoteSwiftPackageReference "firebase-ios-sdk" */ = {
			isa = XCRemoteSwiftPackageReference;
			repositoryURL = "https://github.com/firebase/firebase-ios-sdk";
			requirement = {
				kind = upToNextMajorVersion;
				minimumVersion = 10.23.0;
			};
		};
/* End XCRemoteSwiftPackageReference section */
	};
	rootObject = 1590743F2BAE29CA00F5E81E /* Project object */;
}
